
Microsoft Visual Studio Solution File, Format Version 12.00
# Visual Studio Version 17
VisualStudioVersion = 17.8.34408.163
MinimumVisualStudioVersion = 10.0.40219.1
Project("{FAE04EC0-301F-11D3-BF4B-00C04F79EFBC}") = "NewAndUsedCars", "NewAndUsedCars\NewAndUsedCars.csproj", "{5B4DA373-68BC-4DD6-A91D-CF1847C4A775}"
EndProject
Global
	GlobalSection(SolutionConfigurationPlatforms) = preSolution
		Debug|Any CPU = Debug|Any CPU
		Release|Any CPU = Release|Any CPU
	EndGlobalSection
	GlobalSection(ProjectConfigurationPlatforms) = postSolution
		{5B4DA373-68BC-4DD6-A91D-CF1847C4A775}.Debug|Any CPU.ActiveCfg = Debug|Any CPU
		{5B4DA373-68BC-4DD6-A91D-CF1847C4A775}.Debug|Any CPU.Build.0 = Debug|Any CPU
		{5B4DA373-68BC-4DD6-A91D-CF1847C4A775}.Release|Any CPU.ActiveCfg = Release|Any CPU
		{5B4DA373-68BC-4DD6-A91D-CF1847C4A775}.Release|Any CPU.Build.0 = Release|Any CPU
	EndGlobalSection
	GlobalSection(SolutionProperties) = preSolution
		HideSolutionNode = FALSE
	EndGlobalSection
	GlobalSection(ExtensibilityGlobals) = postSolution
		SolutionGuid = {657F15E1-AFEA-4997-A45C-8BB5F107BDF2}
	EndGlobalSection
EndGlobal
