
Microsoft Visual Studio Solution File, Format Version 12.00
# Visual Studio Version 17
VisualStudioVersion = 17.8.34408.163
MinimumVisualStudioVersion = 10.0.40219.1
Project("{FAE04EC0-301F-11D3-BF4B-00C04F79EFBC}") = "forLoop", "forLoop\forLoop.csproj", "{B71567A5-05BB-4881-9A11-33F80306FEC4}"
EndProject
Global
	GlobalSection(SolutionConfigurationPlatforms) = preSolution
		Debug|Any CPU = Debug|Any CPU
		Release|Any CPU = Release|Any CPU
	EndGlobalSection
	GlobalSection(ProjectConfigurationPlatforms) = postSolution
		{B71567A5-05BB-4881-9A11-33F80306FEC4}.Debug|Any CPU.ActiveCfg = Debug|Any CPU
		{B71567A5-05BB-4881-9A11-33F80306FEC4}.Debug|Any CPU.Build.0 = Debug|Any CPU
		{B71567A5-05BB-4881-9A11-33F80306FEC4}.Release|Any CPU.ActiveCfg = Release|Any CPU
		{B71567A5-05BB-4881-9A11-33F80306FEC4}.Release|Any CPU.Build.0 = Release|Any CPU
	EndGlobalSection
	GlobalSection(SolutionProperties) = preSolution
		HideSolutionNode = FALSE
	EndGlobalSection
	GlobalSection(ExtensibilityGlobals) = postSolution
		SolutionGuid = {0783BF92-902C-44C8-BE1F-2738340DA6CE}
	EndGlobalSection
EndGlobal
