
Microsoft Visual Studio Solution File, Format Version 12.00
# Visual Studio Version 17
VisualStudioVersion = 17.8.34408.163
MinimumVisualStudioVersion = 10.0.40219.1
Project("{FAE04EC0-301F-11D3-BF4B-00C04F79EFBC}") = "BasicStringProcessing", "BasicStringProcessing\BasicStringProcessing.csproj", "{5FC9DC21-7FF9-4826-933D-4823F05E48DE}"
EndProject
Global
	GlobalSection(SolutionConfigurationPlatforms) = preSolution
		Debug|Any CPU = Debug|Any CPU
		Release|Any CPU = Release|Any CPU
	EndGlobalSection
	GlobalSection(ProjectConfigurationPlatforms) = postSolution
		{5FC9DC21-7FF9-4826-933D-4823F05E48DE}.Debug|Any CPU.ActiveCfg = Debug|Any CPU
		{5FC9DC21-7FF9-4826-933D-4823F05E48DE}.Debug|Any CPU.Build.0 = Debug|Any CPU
		{5FC9DC21-7FF9-4826-933D-4823F05E48DE}.Release|Any CPU.ActiveCfg = Release|Any CPU
		{5FC9DC21-7FF9-4826-933D-4823F05E48DE}.Release|Any CPU.Build.0 = Release|Any CPU
	EndGlobalSection
	GlobalSection(SolutionProperties) = preSolution
		HideSolutionNode = FALSE
	EndGlobalSection
	GlobalSection(ExtensibilityGlobals) = postSolution
		SolutionGuid = {C78BDAA4-7C41-4D9D-972B-A196A0FB5C71}
	EndGlobalSection
EndGlobal
